
Microsoft Visual Studio Solution File, Format Version 12.00
# Visual Studio 15
VisualStudioVersion = 15.0.27004.2009
MinimumVisualStudioVersion = 10.0.40219.1
Project("{FAE04EC0-301F-11D3-BF4B-00C04F79EFBC}") = "IFT", "IFT\IFT.csproj", "{195C94CF-46E6-4B35-AD79-29F3D54FAE98}"
EndProject
Global
	GlobalSection(SolutionConfigurationPlatforms) = preSolution
		Debug|Any CPU = Debug|Any CPU
		Release|Any CPU = Release|Any CPU
	EndGlobalSection
	GlobalSection(ProjectConfigurationPlatforms) = postSolution
		{195C94CF-46E6-4B35-AD79-29F3D54FAE98}.Debug|Any CPU.ActiveCfg = Debug|Any CPU
		{195C94CF-46E6-4B35-AD79-29F3D54FAE98}.Debug|Any CPU.Build.0 = Debug|Any CPU
		{195C94CF-46E6-4B35-AD79-29F3D54FAE98}.Release|Any CPU.ActiveCfg = Release|Any CPU
		{195C94CF-46E6-4B35-AD79-29F3D54FAE98}.Release|Any CPU.Build.0 = Release|Any CPU
	EndGlobalSection
	GlobalSection(SolutionProperties) = preSolution
		HideSolutionNode = FALSE
	EndGlobalSection
	GlobalSection(ExtensibilityGlobals) = postSolution
		SolutionGuid = {636267FC-0EE9-4804-AF3A-9C1BE88A5ED8}
	EndGlobalSection
EndGlobal
